{
    "name": "test",
    "version": "1.0.0",
    "lockfileVersion": 3,
    "requires": true,
    "packages": {
        "": {
            "name": "test",
            "version": "1.0.0",
            "dependencies": {
                "cookie": "^1.0.2",
                "escape-html": "^1.0.3"
            },
            "devDependencies": {
                "@types/escape-html": "^1.0.4",
                "@types/node": "^22.15.3"
            }
        },
        "node_modules/@types/escape-html": {
            "version": "1.0.4",
            "resolved": "https://registry.npmjs.org/@types/escape-html/-/escape-html-1.0.4.tgz",
            "integrity": "sha512-qZ72SFTgUAZ5a7Tj6kf2SHLetiH5S6f8G5frB2SPQ3EyF02kxdyBFf4Tz4banE3xCgGnKgWLt//a6VuYHKYJTg==",
            "dev": true,
            "license": "MIT"
        },
        "node_modules/@types/node": {
            "version": "22.15.3",
            "resolved": "https://registry.npmjs.org/@types/node/-/node-22.15.3.tgz",
            "integrity": "sha512-lX7HFZeHf4QG/J7tBZqrCAXwz9J5RD56Y6MpP0eJkka8p+K0RY/yBTW7CYFJ4VGCclxqOLKmiGP5juQc6MKgcw==",
            "dev": true,
            "license": "MIT",
            "dependencies": {
                "undici-types": "~6.21.0"
            }
        },
        "node_modules/cookie": {
            "version": "1.0.2",
            "resolved": "https://registry.npmjs.org/cookie/-/cookie-1.0.2.tgz",
            "integrity": "sha512-9Kr/j4O16ISv8zBBhJoi4bXOYNTkFLOqSL3UDB0njXxCXNezjeyVrJyGOWtgfs/q2km1gwBcfH8q1yEGoMYunA==",
            "license": "MIT",
            "engines": {
                "node": ">=18"
            }
        },
        "node_modules/escape-html": {
            "version": "1.0.3",
            "resolved": "https://registry.npmjs.org/escape-html/-/escape-html-1.0.3.tgz",
            "integrity": "sha512-NiSupZ4OeuGwr68lGIeym/ksIZMJodUGOSCZ/FSnTxcrekbvqrgdUxlJOMpijaKZVjAJrWrGs/6Jy8OMuyj9ow==",
            "license": "MIT"
        },
        "node_modules/undici-types": {
            "version": "6.21.0",
            "resolved": "https://registry.npmjs.org/undici-types/-/undici-types-6.21.0.tgz",
            "integrity": "sha512-iwDZqg0QAGrg9Rav5H4n0M64c3mkR59cJ6wQp+7C4nI0gsmExaedaYLNO44eT4AtBBwjbTiGPMlt2Md0T9H9JQ==",
            "dev": true,
            "license": "MIT"
        }
    }
}
